{
  "name": "palindrome",
  "lockfileVersion": 2,
  "requires": true,
  "packages": {
    "": {
      "dependencies": {
        "nggar-palindrome": "^0.1.1"
      }
    },
    "node_modules/nggar-palindrome": {
      "version": "0.1.1",
      "resolved": "https://registry.npmjs.org/nggar-palindrome/-/nggar-palindrome-0.1.1.tgz",
      "integrity": "sha512-kDpmpgmJGQkB9iH7cpoS7jChfY2+c/Ob9h+Su83fr1IiM5KG00IqhkOdNPv9lcamdDzoDgrcIFzhBkosbaga6A=="
    }
  },
  "dependencies": {
    "nggar-palindrome": {
      "version": "0.1.1",
      "resolved": "https://registry.npmjs.org/nggar-palindrome/-/nggar-palindrome-0.1.1.tgz",
      "integrity": "sha512-kDpmpgmJGQkB9iH7cpoS7jChfY2+c/Ob9h+Su83fr1IiM5KG00IqhkOdNPv9lcamdDzoDgrcIFzhBkosbaga6A=="
    }
  }
}
